
Microsoft Visual Studio Solution File, Format Version 12.00
# Visual Studio Version 16
VisualStudioVersion = 16.0.31702.278
MinimumVisualStudioVersion = 10.0.40219.1
Project("{FAE04EC0-301F-11D3-BF4B-00C04F79EFBC}") = "conceptsPOO", "conceptsPOO\conceptsPOO.csproj", "{B844B0DF-19A2-4150-BCC3-0B8722949C49}"
EndProject
Global
	GlobalSection(SolutionConfigurationPlatforms) = preSolution
		Debug|Any CPU = Debug|Any CPU
		Release|Any CPU = Release|Any CPU
	EndGlobalSection
	GlobalSection(ProjectConfigurationPlatforms) = postSolution
		{B844B0DF-19A2-4150-BCC3-0B8722949C49}.Debug|Any CPU.ActiveCfg = Debug|Any CPU
		{B844B0DF-19A2-4150-BCC3-0B8722949C49}.Debug|Any CPU.Build.0 = Debug|Any CPU
		{B844B0DF-19A2-4150-BCC3-0B8722949C49}.Release|Any CPU.ActiveCfg = Release|Any CPU
		{B844B0DF-19A2-4150-BCC3-0B8722949C49}.Release|Any CPU.Build.0 = Release|Any CPU
	EndGlobalSection
	GlobalSection(SolutionProperties) = preSolution
		HideSolutionNode = FALSE
	EndGlobalSection
	GlobalSection(ExtensibilityGlobals) = postSolution
		SolutionGuid = {42E3A997-6897-4585-8DAB-1C1382C23D98}
	EndGlobalSection
EndGlobal
